// !$*UTF8*$!
{
	archiveVersion = 1;
	classes = {
	};
	objectVersion = 46;
	objects = {

/* Begin PBXBuildFile section */
		652F9F6A1EC2376600C61EB1 /* AppDelegate.swift in Sources */ = {isa = PBXBuildFile; fileRef = 652F9F691EC2376600C61EB1 /* AppDelegate.swift */; };
		652F9F6C1EC2376600C61EB1 /* ViewController.swift in Sources */ = {isa = PBXBuildFile; fileRef = 652F9F6B1EC2376600C61EB1 /* ViewController.swift */; };
		652F9F6F1EC2376600C61EB1 /* Main.storyboard in Resources */ = {isa = PBXBuildFile; fileRef = 652F9F6D1EC2376600C61EB1 /* Main.storyboard */; };
		652F9F711EC2376600C61EB1 /* Assets.xcassets in Resources */ = {isa = PBXBuildFile; fileRef = 652F9F701EC2376600C61EB1 /* Assets.xcassets */; };
		652F9F741EC2376600C61EB1 /* LaunchScreen.storyboard in Resources */ = {isa = PBXBuildFile; fileRef = 652F9F721EC2376600C61EB1 /* LaunchScreen.storyboard */; };
/* End PBXBuildFile section */

/* Begin PBXFileReference section */
		652F9F661EC2376600C61EB1 /* What is your name?.app */ = {isa = PBXFileReference; explicitFileType = wrapper.application; includeInIndex = 0; path = "What is your name?.app"; sourceTree = BUILT_PRODUCTS_DIR; };
		652F9F691EC2376600C61EB1 /* AppDelegate.swift */ = {isa = PBXFileReference; lastKnownFileType = sourcecode.swift; path = AppDelegate.swift; sourceTree = "<group>"; };
		652F9F6B1EC2376600C61EB1 /* ViewController.swift */ = {isa = PBXFileReference; lastKnownFileType = sourcecode.swift; path = ViewController.swift; sourceTree = "<group>"; };
		652F9F6E1EC2376600C61EB1 /* Base */ = {isa = PBXFileReference; lastKnownFileType = file.storyboard; name = Base; path = Base.lproj/Main.storyboard; sourceTree = "<group>"; };
		652F9F701EC2376600C61EB1 /* Assets.xcassets */ = {isa = PBXFileReference; lastKnownFileType = folder.assetcatalog; path = Assets.xcassets; sourceTree = "<group>"; };
		652F9F731EC2376600C61EB1 /* Base */ = {isa = PBXFileReference; lastKnownFileType = file.storyboard; name = Base; path = Base.lproj/LaunchScreen.storyboard; sourceTree = "<group>"; };
		652F9F751EC2376600C61EB1 /* Info.plist */ = {isa = PBXFileReference; lastKnownFileType = text.plist.xml; path = Info.plist; sourceTree = "<group>"; };
/* End PBXFileReference section */

/* Begin PBXFrameworksBuildPhase section */
		652F9F631EC2376600C61EB1 /* Frameworks */ = {
			isa = PBXFrameworksBuildPhase;
			buildActionMask = 2147483647;
			files = (
			);
			runOnlyForDeploymentPostprocessing = 0;
		};
/* End PBXFrameworksBuildPhase section */

/* Begin PBXGroup section */
		652F9F5D1EC2376600C61EB1 = {
			isa = PBXGroup;
			children = (
				652F9F681EC2376600C61EB1 /* What is your name? */,
				652F9F671EC2376600C61EB1 /* Products */,
			);
			sourceTree = "<group>";
		};
		652F9F671EC2376600C61EB1 /* Products */ = {
			isa = PBXGroup;
			children = (
				652F9F661EC2376600C61EB1 /* What is your name?.app */,
			);
			name = Products;
			sourceTree = "<group>";
		};
		652F9F681EC2376600C61EB1 /* What is your name? */ = {
			isa = PBXGroup;
			children = (
				652F9F691EC2376600C61EB1 /* AppDelegate.swift */,
				652F9F6B1EC2376600C61EB1 /* ViewController.swift */,
				652F9F6D1EC2376600C61EB1 /* Main.storyboard */,
				652F9F701EC2376600C61EB1 /* Assets.xcassets */,
				652F9F721EC2376600C61EB1 /* LaunchScreen.storyboard */,
				652F9F751EC2376600C61EB1 /* Info.plist */,
			);
			path = "What is your name?";
			sourceTree = "<group>";
		};
/* End PBXGroup section */

/* Begin PBXNativeTarget section */
		652F9F651EC2376600C61EB1 /* What is your name? */ = {
			isa = PBXNativeTarget;
			buildConfigurationList = 652F9F781EC2376600C61EB1 /* Build configuration list for PBXNativeTarget "What is your name?" */;
			buildPhases = (
				652F9F621EC2376600C61EB1 /* Sources */,
				652F9F631EC2376600C61EB1 /* Frameworks */,
				652F9F641EC2376600C61EB1 /* Resources */,
			);
			buildRules = (
			);
			dependencies = (
			);
			name = "What is your name?";
			productName = "What is your name?";
			productReference = 652F9F661EC2376600C61EB1 /* What is your name?.app */;
			productType = "com.apple.product-type.application";
		};
/* End PBXNativeTarget section */

/* Begin PBXProject section */
		652F9F5E1EC2376600C61EB1 /* Project object */ = {
			isa = PBXProject;
			attributes = {
				LastSwiftUpdateCheck = 0830;
				LastUpgradeCheck = 0830;
				ORGANIZATIONNAME = "Daniel O'Brien";
				TargetAttributes = {
					652F9F651EC2376600C61EB1 = {
						CreatedOnToolsVersion = 8.3.2;
						DevelopmentTeam = U8227XW3G5;
						ProvisioningStyle = Automatic;
					};
				};
			};
			buildConfigurationList = 652F9F611EC2376600C61EB1 /* Build configuration list for PBXProject "What is your name?" */;
			compatibilityVersion = "Xcode 3.2";
			developmentRegion = English;
			hasScannedForEncodings = 0;
			knownRegions = (
				en,
				Base,
			);
			mainGroup = 652F9F5D1EC2376600C61EB1;
			productRefGroup = 652F9F671EC2376600C61EB1 /* Products */;
			projectDirPath = "";
			projectRoot = "";
			targets = (
				652F9F651EC2376600C61EB1 /* What is your name? */,
			);
		};
/* End PBXProject section */

/* Begin PBXResourcesBuildPhase section */
		652F9F641EC2376600C61EB1 /* Resources */ = {
			isa = PBXResourcesBuildPhase;
			buildActionMask = 2147483647;
			files = (
				652F9F741EC2376600C61EB1 /* LaunchScreen.storyboard in Resources */,
				652F9F711EC2376600C61EB1 /* Assets.xcassets in Resources */,
				652F9F6F1EC2376600C61EB1 /* Main.storyboard in Resources */,
			);
			runOnlyForDeploymentPostprocessing = 0;
		};
/* End PBXResourcesBuildPhase section */

/* Begin PBXSourcesBuildPhase section */
		652F9F621EC2376600C61EB1 /* Sources */ = {
			isa = PBXSourcesBuildPhase;
			buildActionMask = 2147483647;
			files = (
				652F9F6C1EC2376600C61EB1 /* ViewController.swift in Sources */,
				652F9F6A1EC2376600C61EB1 /* AppDelegate.swift in Sources */,
			);
			runOnlyForDeploymentPostprocessing = 0;
		};
/* End PBXSourcesBuildPhase section */

/* Begin PBXVariantGroup section */
		652F9F6D1EC2376600C61EB1 /* Main.storyboard */ = {
			isa = PBXVariantGroup;
			children = (
				652F9F6E1EC2376600C61EB1 /* Base */,
			);
			name = Main.storyboard;
			sourceTree = "<group>";
		};
		652F9F721EC2376600C61EB1 /* LaunchScreen.storyboard */ = {
			isa = PBXVariantGroup;
			children = (
				652F9F731EC2376600C61EB1 /* Base */,
			);
			name = LaunchScreen.storyboard;
			sourceTree = "<group>";
		};
/* End PBXVariantGroup section */

/* Begin XCBuildConfiguration section */
		652F9F761EC2376600C61EB1 /* Debug */ = {
			isa = XCBuildConfiguration;
			buildSettings = {
				ALWAYS_SEARCH_USER_PATHS = NO;
				CLANG_ANALYZER_NONNULL = YES;
				CLANG_ANALYZER_NUMBER_OBJECT_CONVERSION = YES_AGGRESSIVE;
				CLANG_CXX_LANGUAGE_STANDARD = "gnu++0x";
				CLANG_CXX_LIBRARY = "libc++";
				CLANG_ENABLE_MODULES = YES;
				CLANG_ENABLE_OBJC_ARC = YES;
				CLANG_WARN_BOOL_CONVERSION = YES;
				CLANG_WARN_CONSTANT_CONVERSION = YES;
				CLANG_WARN_DIRECT_OBJC_ISA_USAGE = YES_ERROR;
				CLANG_WARN_DOCUMENTATION_COMMENTS = YES;
				CLANG_WARN_EMPTY_BODY = YES;
				CLANG_WARN_ENUM_CONVERSION = YES;
				CLANG_WARN_INFINITE_RECURSION = YES;
				CLANG_WARN_INT_CONVERSION = YES;
				CLANG_WARN_OBJC_ROOT_CLASS = YES_ERROR;
				CLANG_WARN_SUSPICIOUS_MOVE = YES;
				CLANG_WARN_UNREACHABLE_CODE = YES;
				CLANG_WARN__DUPLICATE_METHOD_MATCH = YES;
				"CODE_SIGN_IDENTITY[sdk=iphoneos*]" = "iPhone Developer";
				COPY_PHASE_STRIP = NO;
				DEBUG_INFORMATION_FORMAT = dwarf;
				ENABLE_STRICT_OBJC_MSGSEND = YES;
				ENABLE_TESTABILITY = YES;
				GCC_C_LANGUAGE_STANDARD = gnu99;
				GCC_DYNAMIC_NO_PIC = NO;
				GCC_NO_COMMON_BLOCKS = YES;
				GCC_OPTIMIZATION_LEVEL = 0;
				GCC_PREPROCESSOR_DEFINITIONS = (
					"DEBUG=1",
					"$(inherited)",
				);
				GCC_WARN_64_TO_32_BIT_CONVERSION = YES;
				GCC_WARN_ABOUT_RETURN_TYPE = YES_ERROR;
				GCC_WARN_UNDECLARED_SELECTOR = YES;
				GCC_WARN_UNINITIALIZED_AUTOS = YES_AGGRESSIVE;
				GCC_WARN_UNUSED_FUNCTION = YES;
				GCC_WARN_UNUSED_VARIABLE = YES;
				IPHONEOS_DEPLOYMENT_TARGET = 10.3;
				MTL_ENABLE_DEBUG_INFO = YES;
				ONLY_ACTIVE_ARCH = YES;
				SDKROOT = iphoneos;
				SWIFT_ACTIVE_COMPILATION_CONDITIONS = DEBUG;
				SWIFT_OPTIMIZATION_LEVEL = "-Onone";
			};
			name = Debug;
		};
		652F9F771EC2376600C61EB1 /* Release */ = {
			isa = XCBuildConfiguration;
			buildSettings = {
				ALWAYS_SEARCH_USER_PATHS = NO;
				CLANG_ANALYZER_NONNULL = YES;
				CLANG_ANALYZER_NUMBER_OBJECT_CONVERSION = YES_AGGRESSIVE;
				CLANG_CXX_LANGUAGE_STANDARD = "gnu++0x";
				CLANG_CXX_LIBRARY = "libc++";
				CLANG_ENABLE_MODULES = YES;
				CLANG_ENABLE_OBJC_ARC = YES;
				CLANG_WARN_BOOL_CONVERSION = YES;
				CLANG_WARN_CONSTANT_CONVERSION = YES;
				CLANG_WARN_DIRECT_OBJC_ISA_USAGE = YES_ERROR;
				CLANG_WARN_DOCUMENTATION_COMMENTS = YES;
				CLANG_WARN_EMPTY_BODY = YES;
				CLANG_WARN_ENUM_CONVERSION = YES;
				CLANG_WARN_INFINITE_RECURSION = YES;
				CLANG_WARN_INT_CONVERSION = YES;
				CLANG_WARN_OBJC_ROOT_CLASS = YES_ERROR;
				CLANG_WARN_SUSPICIOUS_MOVE = YES;
				CLANG_WARN_UNREACHABLE_CODE = YES;
				CLANG_WARN__DUPLICATE_METHOD_MATCH = YES;
				"CODE_SIGN_IDENTITY[sdk=iphoneos*]" = "iPhone Developer";
				COPY_PHASE_STRIP = NO;
				DEBUG_INFORMATION_FORMAT = "dwarf-with-dsym";
				ENABLE_NS_ASSERTIONS = NO;
				ENABLE_STRICT_OBJC_MSGSEND = YES;
				GCC_C_LANGUAGE_STANDARD = gnu99;
				GCC_NO_COMMON_BLOCKS = YES;
				GCC_WARN_64_TO_32_BIT_CONVERSION = YES;
				GCC_WARN_ABOUT_RETURN_TYPE = YES_ERROR;
				GCC_WARN_UNDECLARED_SELECTOR = YES;
				GCC_WARN_UNINITIALIZED_AUTOS = YES_AGGRESSIVE;
				GCC_WARN_UNUSED_FUNCTION = YES;
				GCC_WARN_UNUSED_VARIABLE = YES;
				IPHONEOS_DEPLOYMENT_TARGET = 10.3;
				MTL_ENABLE_DEBUG_INFO = NO;
				SDKROOT = iphoneos;
				SWIFT_OPTIMIZATION_LEVEL = "-Owholemodule";
				VALIDATE_PRODUCT = YES;
			};
			name = Release;
		};
		652F9F791EC2376600C61EB1 /* Debug */ = {
			isa = XCBuildConfiguration;
			buildSettings = {
				ASSETCATALOG_COMPILER_APPICON_NAME = AppIcon;
				DEVELOPMENT_TEAM = U8227XW3G5;
				INFOPLIST_FILE = "What is your name?/Info.plist";
				LD_RUNPATH_SEARCH_PATHS = "$(inherited) @executable_path/Frameworks";
				PRODUCT_BUNDLE_IDENTIFIER = "Study-Space.What-is-your-name-";
				PRODUCT_NAME = "$(TARGET_NAME)";
				SWIFT_VERSION = 3.0;
			};
			name = Debug;
		};
		652F9F7A1EC2376600C61EB1 /* Release */ = {
			isa = XCBuildConfiguration;
			buildSettings = {
				ASSETCATALOG_COMPILER_APPICON_NAME = AppIcon;
				DEVELOPMENT_TEAM = U8227XW3G5;
				INFOPLIST_FILE = "What is your name?/Info.plist";
				LD_RUNPATH_SEARCH_PATHS = "$(inherited) @executable_path/Frameworks";
				PRODUCT_BUNDLE_IDENTIFIER = "Study-Space.What-is-your-name-";
				PRODUCT_NAME = "$(TARGET_NAME)";
				SWIFT_VERSION = 3.0;
			};
			name = Release;
		};
/* End XCBuildConfiguration section */

/* Begin XCConfigurationList section */
		652F9F611EC2376600C61EB1 /* Build configuration list for PBXProject "What is your name?" */ = {
			isa = XCConfigurationList;
			buildConfigurations = (
				652F9F761EC2376600C61EB1 /* Debug */,
				652F9F771EC2376600C61EB1 /* Release */,
			);
			defaultConfigurationIsVisible = 0;
			defaultConfigurationName = Release;
		};
		652F9F781EC2376600C61EB1 /* Build configuration list for PBXNativeTarget "What is your name?" */ = {
			isa = XCConfigurationList;
			buildConfigurations = (
				652F9F791EC2376600C61EB1 /* Debug */,
				652F9F7A1EC2376600C61EB1 /* Release */,
			);
			defaultConfigurationIsVisible = 0;
		};
/* End XCConfigurationList section */
	};
	rootObject = 652F9F5E1EC2376600C61EB1 /* Project object */;
}
